github.com/Goscord/goscord v0.0.0-20201211010018-6b9fbaf9f568 h1:44Y7VBOXJJMQryhREGjCbrOhe0PrsxRAs65FrK624Ec=
github.com/Goscord/goscord v0.0.0-20201211010018-6b9fbaf9f568/go.mod h1:bi0maJ+c7quu3k/M4N9RVQNH0zrD1iDSW6wPxkrsGr0=
github.com/Goscord/goscord v0.0.0-20201211205017-fbe8205b66f4 h1:8+ygWa1Bz/OrMk8AHP+mTDjfzDb3NcF9Lhg8TZsiSUw=
github.com/Goscord/goscord v0.0.0-20201211205017-fbe8205b66f4/go.mod h1:bi0maJ+c7quu3k/M4N9RVQNH0zrD1iDSW6wPxkrsGr0=
github.com/Goscord/goscord v0.0.0-20201213211542-338a32d2d415 h1:WgurzjC1V3Wk+VExnh2su+foOwayoEhZf7Xcjx6APlc=
github.com/Goscord/goscord v0.0.0-20201213211542-338a32d2d415/go.mod h1:bi0maJ+c7quu3k/M4N9RVQNH0zrD1iDSW6wPxkrsGr0=
github.com/Goscord/goscord v0.0.0-20201213213917-0c1b7bb6e872 h1:hLMYuqU+ltevp8PYw1HAky72t/QBZ62iNkNSteCVEXY=
github.com/Goscord/goscord v0.0.0-20201213213917-0c1b7bb6e872/go.mod h1:bi0maJ+c7quu3k/M4N9RVQNH0zrD1iDSW6wPxkrsGr0=
github.com/Goscord/goscord v0.0.0-20201213230500-73b4d169f71c h1:D0fOg7U5h8PFZq4AowiBBHzdQx2k+/n9fdgm827cw2U=
github.com/Goscord/goscord v0.0.0-20201213230500-73b4d169f71c/go.mod h1:bi0maJ+c7quu3k/M4N9RVQNH0zrD1iDSW6wPxkrsGr0=
github.com/Goscord/goscord v0.0.0-20201214002012-449eb9671c3b h1:QtjUDwEVSqxUX9eWVpK00qiO4fZOh8xwc3eGlfcNqYE=
github.com/Goscord/goscord v0.0.0-20201214002012-449eb9671c3b/go.mod h1:bi0maJ+c7quu3k/M4N9RVQNH0zrD1iDSW6wPxkrsGr0=
github.com/Goscord/goscord v0.0.0-20201214014350-b51da5a23d4a h1:ojXuZ8CHwdqLgsGogHgfQ/h45W+CmGqFAQ9sXtj+4Oc=
github.com/Goscord/goscord v0.0.0-20201214014350-b51da5a23d4a/go.mod h1:bi0maJ+c7quu3k/M4N9RVQNH0zrD1iDSW6wPxkrsGr0=
github.com/Goscord/goscord v0.0.0-20201214155327-302d35d45e41 h1:ghFBYKUbDw9Cdhv3TxCL43bdn8eqAfOSQUGNqUnhpr0=
github.com/Goscord/goscord v0.0.0-20201214155327-302d35d45e41/go.mod h1:bi0maJ+c7quu3k/M4N9RVQNH0zrD1iDSW6wPxkrsGr0=
github.com/Goscord/goscord v0.0.0-20201215140812-0422a1665214 h1:8UnOQFYVIe4bWeVCrsKtkrRedZfYDFnuu58wOnW+tSQ=
github.com/Goscord/goscord v0.0.0-20201215140812-0422a1665214/go.mod h1:bi0maJ+c7quu3k/M4N9RVQNH0zrD1iDSW6wPxkrsGr0=
github.com/Goscord/goscord v0.0.0-20201215151942-50c18d5e4274 h1:JPezJDLXp3EyWGZF1jGeiYLfaeWLWerKioch9SSYeiQ=
github.com/Goscord/goscord v0.0.0-20201215151942-50c18d5e4274/go.mod h1:bi0maJ+c7quu3k/M4N9RVQNH0zrD1iDSW6wPxkrsGr0=
github.com/Goscord/goscord v0.0.0-20201215164656-da32061b0cff h1:Zr6WEphSUevUKGcuGfBvvFmq6QJqOhTr1uiHKPnRgi0=
github.com/Goscord/goscord v0.0.0-20201215164656-da32061b0cff/go.mod h1:bi0maJ+c7quu3k/M4N9RVQNH0zrD1iDSW6wPxkrsGr0=
github.com/Goscord/goscord v0.0.0-20201215183512-a5d16cd3b728 h1:6/kyI7gZLbodOaArIw8oTPhpwHo3Plk5Bd1lTQEjnrQ=
github.com/Goscord/goscord v0.0.0-20201215183512-a5d16cd3b728/go.mod h1:bi0maJ+c7quu3k/M4N9RVQNH0zrD1iDSW6wPxkrsGr0=
github.com/Goscord/goscord v0.0.0-20201219161457-e34a6da20c63 h1:SKQczmMXNQ6lezXQg9kdH9T7fpSp5MD1Xknp8tRdZCk=
github.com/Goscord/goscord v0.0.0-20201219161457-e34a6da20c63/go.mod h1:bi0maJ+c7quu3k/M4N9RVQNH0zrD1iDSW6wPxkrsGr0=
github.com/asaskevich/EventBus v0.0.0-20200907212545-49d423059eef h1:2JGTg6JapxP9/R33ZaagQtAM4EkkSYnIAlOG5EI8gkM=
github.com/asaskevich/EventBus v0.0.0-20200907212545-49d423059eef/go.mod h1:JS7hed4L1fj0hXcyEejnW57/7LCetXggd+vwrRnYeII=
github.com/gorilla/websocket v1.4.2 h1:+/TMaTYc4QFitKJxsQ7Yye35DkWvkdLcvGKqM+x0Ufc=
github.com/gorilla/websocket v1.4.2/go.mod h1:YR8l580nyteQvAITg2hZ9XVh4b55+EU/adAjf1fMHhE=
