github.com/Goscord/goscord v0.0.0-20220808152930-e1e6690dd75f h1:MVbSdA1U5ElJCzVwVfsXrhLqdTo7HvXBq7b59owXwyQ=
github.com/Goscord/goscord v0.0.0-20220808152930-e1e6690dd75f/go.mod h1:E8w53GnIKy3BPTESZuZOXnFr60ftJjWb36b2fj1xvjQ=
github.com/Goscord/goscord v0.0.0-20220808154701-ebaa9074663b h1:UmMqzQi86jwtGUfq8yS7s/cDa1uF2pwBHp0theCaQ6E=
github.com/Goscord/goscord v0.0.0-20220808154701-ebaa9074663b/go.mod h1:E8w53GnIKy3BPTESZuZOXnFr60ftJjWb36b2fj1xvjQ=
github.com/Goscord/goscord v0.0.0-20220808162623-0cb5ce09de2f h1:Oun6W/BGYNCxLoZeuyTetT5XfjQ4nFpaAnEvH3cEg1k=
github.com/Goscord/goscord v0.0.0-20220808162623-0cb5ce09de2f/go.mod h1:E8w53GnIKy3BPTESZuZOXnFr60ftJjWb36b2fj1xvjQ=
github.com/asaskevich/EventBus v0.0.0-20200907212545-49d423059eef h1:2JGTg6JapxP9/R33ZaagQtAM4EkkSYnIAlOG5EI8gkM=
github.com/asaskevich/EventBus v0.0.0-20200907212545-49d423059eef/go.mod h1:JS7hed4L1fj0hXcyEejnW57/7LCetXggd+vwrRnYeII=
github.com/gorilla/websocket v1.5.0 h1:PPwGk2jz7EePpoHN/+ClbZu8SPxiqlu12wZP/3sWmnc=
github.com/gorilla/websocket v1.5.0/go.mod h1:YR8l580nyteQvAITg2hZ9XVh4b55+EU/adAjf1fMHhE=
